// !$*UTF8*$!
{
	archiveVersion = 1;
	classes = {
	};
	objectVersion = 46;
	objects = {

/* Begin PBXBuildFile section */
		9536792B1BC3D797001121C1 /* main.m in Sources */ = {isa = PBXBuildFile; fileRef = 9536792A1BC3D797001121C1 /* main.m */; };
		9536792E1BC3D797001121C1 /* AppDelegate.m in Sources */ = {isa = PBXBuildFile; fileRef = 9536792D1BC3D797001121C1 /* AppDelegate.m */; };
		953679311BC3D797001121C1 /* ViewController.m in Sources */ = {isa = PBXBuildFile; fileRef = 953679301BC3D797001121C1 /* ViewController.m */; };
		953679341BC3D797001121C1 /* Main.storyboard in Resources */ = {isa = PBXBuildFile; fileRef = 953679321BC3D797001121C1 /* Main.storyboard */; };
		953679361BC3D797001121C1 /* Images.xcassets in Resources */ = {isa = PBXBuildFile; fileRef = 953679351BC3D797001121C1 /* Images.xcassets */; };
		953679391BC3D797001121C1 /* LaunchScreen.xib in Resources */ = {isa = PBXBuildFile; fileRef = 953679371BC3D797001121C1 /* LaunchScreen.xib */; };
		953679451BC3D797001121C1 /* testgreenhouseTests.m in Sources */ = {isa = PBXBuildFile; fileRef = 953679441BC3D797001121C1 /* testgreenhouseTests.m */; };
/* End PBXBuildFile section */

/* Begin PBXContainerItemProxy section */
		9536793F1BC3D797001121C1 /* PBXContainerItemProxy */ = {
			isa = PBXContainerItemProxy;
			containerPortal = 9536791D1BC3D796001121C1 /* Project object */;
			proxyType = 1;
			remoteGlobalIDString = 953679241BC3D797001121C1;
			remoteInfo = testgreenhouse;
		};
/* End PBXContainerItemProxy section */

/* Begin PBXFileReference section */
		953679251BC3D797001121C1 /* testgreenhouse.app */ = {isa = PBXFileReference; explicitFileType = wrapper.application; includeInIndex = 0; path = testgreenhouse.app; sourceTree = BUILT_PRODUCTS_DIR; };
		953679291BC3D797001121C1 /* Info.plist */ = {isa = PBXFileReference; lastKnownFileType = text.plist.xml; path = Info.plist; sourceTree = "<group>"; };
		9536792A1BC3D797001121C1 /* main.m */ = {isa = PBXFileReference; lastKnownFileType = sourcecode.c.objc; path = main.m; sourceTree = "<group>"; };
		9536792C1BC3D797001121C1 /* AppDelegate.h */ = {isa = PBXFileReference; lastKnownFileType = sourcecode.c.h; path = AppDelegate.h; sourceTree = "<group>"; };
		9536792D1BC3D797001121C1 /* AppDelegate.m */ = {isa = PBXFileReference; lastKnownFileType = sourcecode.c.objc; path = AppDelegate.m; sourceTree = "<group>"; };
		9536792F1BC3D797001121C1 /* ViewController.h */ = {isa = PBXFileReference; lastKnownFileType = sourcecode.c.h; path = ViewController.h; sourceTree = "<group>"; };
		953679301BC3D797001121C1 /* ViewController.m */ = {isa = PBXFileReference; lastKnownFileType = sourcecode.c.objc; path = ViewController.m; sourceTree = "<group>"; };
		953679331BC3D797001121C1 /* Base */ = {isa = PBXFileReference; lastKnownFileType = file.storyboard; name = Base; path = Base.lproj/Main.storyboard; sourceTree = "<group>"; };
		953679351BC3D797001121C1 /* Images.xcassets */ = {isa = PBXFileReference; lastKnownFileType = folder.assetcatalog; path = Images.xcassets; sourceTree = "<group>"; };
		953679381BC3D797001121C1 /* Base */ = {isa = PBXFileReference; lastKnownFileType = file.xib; name = Base; path = Base.lproj/LaunchScreen.xib; sourceTree = "<group>"; };
		9536793E1BC3D797001121C1 /* testgreenhouseTests.xctest */ = {isa = PBXFileReference; explicitFileType = wrapper.cfbundle; includeInIndex = 0; path = testgreenhouseTests.xctest; sourceTree = BUILT_PRODUCTS_DIR; };
		953679431BC3D797001121C1 /* Info.plist */ = {isa = PBXFileReference; lastKnownFileType = text.plist.xml; path = Info.plist; sourceTree = "<group>"; };
		953679441BC3D797001121C1 /* testgreenhouseTests.m */ = {isa = PBXFileReference; lastKnownFileType = sourcecode.c.objc; path = testgreenhouseTests.m; sourceTree = "<group>"; };
/* End PBXFileReference section */

/* Begin PBXFrameworksBuildPhase section */
		953679221BC3D797001121C1 /* Frameworks */ = {
			isa = PBXFrameworksBuildPhase;
			buildActionMask = 2147483647;
			files = (
			);
			runOnlyForDeploymentPostprocessing = 0;
		};
		9536793B1BC3D797001121C1 /* Frameworks */ = {
			isa = PBXFrameworksBuildPhase;
			buildActionMask = 2147483647;
			files = (
			);
			runOnlyForDeploymentPostprocessing = 0;
		};
/* End PBXFrameworksBuildPhase section */

/* Begin PBXGroup section */
		9536791C1BC3D796001121C1 = {
			isa = PBXGroup;
			children = (
				953679271BC3D797001121C1 /* testgreenhouse */,
				953679411BC3D797001121C1 /* testgreenhouseTests */,
				953679261BC3D797001121C1 /* Products */,
			);
			sourceTree = "<group>";
		};
		953679261BC3D797001121C1 /* Products */ = {
			isa = PBXGroup;
			children = (
				953679251BC3D797001121C1 /* testgreenhouse.app */,
				9536793E1BC3D797001121C1 /* testgreenhouseTests.xctest */,
			);
			name = Products;
			sourceTree = "<group>";
		};
		953679271BC3D797001121C1 /* testgreenhouse */ = {
			isa = PBXGroup;
			children = (
				9536792C1BC3D797001121C1 /* AppDelegate.h */,
				9536792D1BC3D797001121C1 /* AppDelegate.m */,
				9536792F1BC3D797001121C1 /* ViewController.h */,
				953679301BC3D797001121C1 /* ViewController.m */,
				953679321BC3D797001121C1 /* Main.storyboard */,
				953679351BC3D797001121C1 /* Images.xcassets */,
				953679371BC3D797001121C1 /* LaunchScreen.xib */,
				953679281BC3D797001121C1 /* Supporting Files */,
			);
			path = testgreenhouse;
			sourceTree = "<group>";
		};
		953679281BC3D797001121C1 /* Supporting Files */ = {
			isa = PBXGroup;
			children = (
				953679291BC3D797001121C1 /* Info.plist */,
				9536792A1BC3D797001121C1 /* main.m */,
			);
			name = "Supporting Files";
			sourceTree = "<group>";
		};
		953679411BC3D797001121C1 /* testgreenhouseTests */ = {
			isa = PBXGroup;
			children = (
				953679441BC3D797001121C1 /* testgreenhouseTests.m */,
				953679421BC3D797001121C1 /* Supporting Files */,
			);
			path = testgreenhouseTests;
			sourceTree = "<group>";
		};
		953679421BC3D797001121C1 /* Supporting Files */ = {
			isa = PBXGroup;
			children = (
				953679431BC3D797001121C1 /* Info.plist */,
			);
			name = "Supporting Files";
			sourceTree = "<group>";
		};
/* End PBXGroup section */

/* Begin PBXNativeTarget section */
		953679241BC3D797001121C1 /* testgreenhouse */ = {
			isa = PBXNativeTarget;
			buildConfigurationList = 953679481BC3D797001121C1 /* Build configuration list for PBXNativeTarget "testgreenhouse" */;
			buildPhases = (
				953679211BC3D797001121C1 /* Sources */,
				953679221BC3D797001121C1 /* Frameworks */,
				953679231BC3D797001121C1 /* Resources */,
			);
			buildRules = (
			);
			dependencies = (
			);
			name = testgreenhouse;
			productName = testgreenhouse;
			productReference = 953679251BC3D797001121C1 /* testgreenhouse.app */;
			productType = "com.apple.product-type.application";
		};
		9536793D1BC3D797001121C1 /* testgreenhouseTests */ = {
			isa = PBXNativeTarget;
			buildConfigurationList = 9536794B1BC3D797001121C1 /* Build configuration list for PBXNativeTarget "testgreenhouseTests" */;
			buildPhases = (
				9536793A1BC3D797001121C1 /* Sources */,
				9536793B1BC3D797001121C1 /* Frameworks */,
				9536793C1BC3D797001121C1 /* Resources */,
			);
			buildRules = (
			);
			dependencies = (
				953679401BC3D797001121C1 /* PBXTargetDependency */,
			);
			name = testgreenhouseTests;
			productName = testgreenhouseTests;
			productReference = 9536793E1BC3D797001121C1 /* testgreenhouseTests.xctest */;
			productType = "com.apple.product-type.bundle.unit-test";
		};
/* End PBXNativeTarget section */

/* Begin PBXProject section */
		9536791D1BC3D796001121C1 /* Project object */ = {
			isa = PBXProject;
			attributes = {
				LastUpgradeCheck = 0640;
				ORGANIZATIONNAME = Zensis;
				TargetAttributes = {
					953679241BC3D797001121C1 = {
						CreatedOnToolsVersion = 6.4;
					};
					9536793D1BC3D797001121C1 = {
						CreatedOnToolsVersion = 6.4;
						TestTargetID = 953679241BC3D797001121C1;
					};
				};
			};
			buildConfigurationList = 953679201BC3D796001121C1 /* Build configuration list for PBXProject "testgreenhouse" */;
			compatibilityVersion = "Xcode 3.2";
			developmentRegion = English;
			hasScannedForEncodings = 0;
			knownRegions = (
				en,
				Base,
			);
			mainGroup = 9536791C1BC3D796001121C1;
			productRefGroup = 953679261BC3D797001121C1 /* Products */;
			projectDirPath = "";
			projectRoot = "";
			targets = (
				953679241BC3D797001121C1 /* testgreenhouse */,
				9536793D1BC3D797001121C1 /* testgreenhouseTests */,
			);
		};
/* End PBXProject section */

/* Begin PBXResourcesBuildPhase section */
		953679231BC3D797001121C1 /* Resources */ = {
			isa = PBXResourcesBuildPhase;
			buildActionMask = 2147483647;
			files = (
				953679341BC3D797001121C1 /* Main.storyboard in Resources */,
				953679391BC3D797001121C1 /* LaunchScreen.xib in Resources */,
				953679361BC3D797001121C1 /* Images.xcassets in Resources */,
			);
			runOnlyForDeploymentPostprocessing = 0;
		};
		9536793C1BC3D797001121C1 /* Resources */ = {
			isa = PBXResourcesBuildPhase;
			buildActionMask = 2147483647;
			files = (
			);
			runOnlyForDeploymentPostprocessing = 0;
		};
/* End PBXResourcesBuildPhase section */

/* Begin PBXSourcesBuildPhase section */
		953679211BC3D797001121C1 /* Sources */ = {
			isa = PBXSourcesBuildPhase;
			buildActionMask = 2147483647;
			files = (
				953679311BC3D797001121C1 /* ViewController.m in Sources */,
				9536792E1BC3D797001121C1 /* AppDelegate.m in Sources */,
				9536792B1BC3D797001121C1 /* main.m in Sources */,
			);
			runOnlyForDeploymentPostprocessing = 0;
		};
		9536793A1BC3D797001121C1 /* Sources */ = {
			isa = PBXSourcesBuildPhase;
			buildActionMask = 2147483647;
			files = (
				953679451BC3D797001121C1 /* testgreenhouseTests.m in Sources */,
			);
			runOnlyForDeploymentPostprocessing = 0;
		};
/* End PBXSourcesBuildPhase section */

/* Begin PBXTargetDependency section */
		953679401BC3D797001121C1 /* PBXTargetDependency */ = {
			isa = PBXTargetDependency;
			target = 953679241BC3D797001121C1 /* testgreenhouse */;
			targetProxy = 9536793F1BC3D797001121C1 /* PBXContainerItemProxy */;
		};
/* End PBXTargetDependency section */

/* Begin PBXVariantGroup section */
		953679321BC3D797001121C1 /* Main.storyboard */ = {
			isa = PBXVariantGroup;
			children = (
				953679331BC3D797001121C1 /* Base */,
			);
			name = Main.storyboard;
			sourceTree = "<group>";
		};
		953679371BC3D797001121C1 /* LaunchScreen.xib */ = {
			isa = PBXVariantGroup;
			children = (
				953679381BC3D797001121C1 /* Base */,
			);
			name = LaunchScreen.xib;
			sourceTree = "<group>";
		};
/* End PBXVariantGroup section */

/* Begin XCBuildConfiguration section */
		953679461BC3D797001121C1 /* Debug */ = {
			isa = XCBuildConfiguration;
			buildSettings = {
				ALWAYS_SEARCH_USER_PATHS = NO;
				CLANG_CXX_LANGUAGE_STANDARD = "gnu++0x";
				CLANG_CXX_LIBRARY = "libc++";
				CLANG_ENABLE_MODULES = YES;
				CLANG_ENABLE_OBJC_ARC = YES;
				CLANG_WARN_BOOL_CONVERSION = YES;
				CLANG_WARN_CONSTANT_CONVERSION = YES;
				CLANG_WARN_DIRECT_OBJC_ISA_USAGE = YES_ERROR;
				CLANG_WARN_EMPTY_BODY = YES;
				CLANG_WARN_ENUM_CONVERSION = YES;
				CLANG_WARN_INT_CONVERSION = YES;
				CLANG_WARN_OBJC_ROOT_CLASS = YES_ERROR;
				CLANG_WARN_UNREACHABLE_CODE = YES;
				CLANG_WARN__DUPLICATE_METHOD_MATCH = YES;
				"CODE_SIGN_IDENTITY[sdk=iphoneos*]" = "iPhone Developer";
				COPY_PHASE_STRIP = NO;
				DEBUG_INFORMATION_FORMAT = "dwarf-with-dsym";
				ENABLE_STRICT_OBJC_MSGSEND = YES;
				GCC_C_LANGUAGE_STANDARD = gnu99;
				GCC_DYNAMIC_NO_PIC = NO;
				GCC_NO_COMMON_BLOCKS = YES;
				GCC_OPTIMIZATION_LEVEL = 0;
				GCC_PREPROCESSOR_DEFINITIONS = (
					"DEBUG=1",
					"$(inherited)",
				);
				GCC_SYMBOLS_PRIVATE_EXTERN = NO;
				GCC_WARN_64_TO_32_BIT_CONVERSION = YES;
				GCC_WARN_ABOUT_RETURN_TYPE = YES_ERROR;
				GCC_WARN_UNDECLARED_SELECTOR = YES;
				GCC_WARN_UNINITIALIZED_AUTOS = YES_AGGRESSIVE;
				GCC_WARN_UNUSED_FUNCTION = YES;
				GCC_WARN_UNUSED_VARIABLE = YES;
				IPHONEOS_DEPLOYMENT_TARGET = 8.4;
				MTL_ENABLE_DEBUG_INFO = YES;
				ONLY_ACTIVE_ARCH = YES;
				SDKROOT = iphoneos;
				TARGETED_DEVICE_FAMILY = "1,2";
			};
			name = Debug;
		};
		953679471BC3D797001121C1 /* Release */ = {
			isa = XCBuildConfiguration;
			buildSettings = {
				ALWAYS_SEARCH_USER_PATHS = NO;
				CLANG_CXX_LANGUAGE_STANDARD = "gnu++0x";
				CLANG_CXX_LIBRARY = "libc++";
				CLANG_ENABLE_MODULES = YES;
				CLANG_ENABLE_OBJC_ARC = YES;
				CLANG_WARN_BOOL_CONVERSION = YES;
				CLANG_WARN_CONSTANT_CONVERSION = YES;
				CLANG_WARN_DIRECT_OBJC_ISA_USAGE = YES_ERROR;
				CLANG_WARN_EMPTY_BODY = YES;
				CLANG_WARN_ENUM_CONVERSION = YES;
				CLANG_WARN_INT_CONVERSION = YES;
				CLANG_WARN_OBJC_ROOT_CLASS = YES_ERROR;
				CLANG_WARN_UNREACHABLE_CODE = YES;
				CLANG_WARN__DUPLICATE_METHOD_MATCH = YES;
				"CODE_SIGN_IDENTITY[sdk=iphoneos*]" = "iPhone Developer";
				COPY_PHASE_STRIP = NO;
				DEBUG_INFORMATION_FORMAT = "dwarf-with-dsym";
				ENABLE_NS_ASSERTIONS = NO;
				ENABLE_STRICT_OBJC_MSGSEND = YES;
				GCC_C_LANGUAGE_STANDARD = gnu99;
				GCC_NO_COMMON_BLOCKS = YES;
				GCC_WARN_64_TO_32_BIT_CONVERSION = YES;
				GCC_WARN_ABOUT_RETURN_TYPE = YES_ERROR;
				GCC_WARN_UNDECLARED_SELECTOR = YES;
				GCC_WARN_UNINITIALIZED_AUTOS = YES_AGGRESSIVE;
				GCC_WARN_UNUSED_FUNCTION = YES;
				GCC_WARN_UNUSED_VARIABLE = YES;
				IPHONEOS_DEPLOYMENT_TARGET = 8.4;
				MTL_ENABLE_DEBUG_INFO = NO;
				SDKROOT = iphoneos;
				TARGETED_DEVICE_FAMILY = "1,2";
				VALIDATE_PRODUCT = YES;
			};
			name = Release;
		};
		953679491BC3D797001121C1 /* Debug */ = {
			isa = XCBuildConfiguration;
			buildSettings = {
				ASSETCATALOG_COMPILER_APPICON_NAME = AppIcon;
				INFOPLIST_FILE = testgreenhouse/Info.plist;
				LD_RUNPATH_SEARCH_PATHS = "$(inherited) @executable_path/Frameworks";
				PRODUCT_NAME = "$(TARGET_NAME)";
			};
			name = Debug;
		};
		9536794A1BC3D797001121C1 /* Release */ = {
			isa = XCBuildConfiguration;
			buildSettings = {
				ASSETCATALOG_COMPILER_APPICON_NAME = AppIcon;
				INFOPLIST_FILE = testgreenhouse/Info.plist;
				LD_RUNPATH_SEARCH_PATHS = "$(inherited) @executable_path/Frameworks";
				PRODUCT_NAME = "$(TARGET_NAME)";
			};
			name = Release;
		};
		9536794C1BC3D797001121C1 /* Debug */ = {
			isa = XCBuildConfiguration;
			buildSettings = {
				BUNDLE_LOADER = "$(TEST_HOST)";
				FRAMEWORK_SEARCH_PATHS = (
					"$(SDKROOT)/Developer/Library/Frameworks",
					"$(inherited)",
				);
				GCC_PREPROCESSOR_DEFINITIONS = (
					"DEBUG=1",
					"$(inherited)",
				);
				INFOPLIST_FILE = testgreenhouseTests/Info.plist;
				LD_RUNPATH_SEARCH_PATHS = "$(inherited) @executable_path/Frameworks @loader_path/Frameworks";
				PRODUCT_NAME = "$(TARGET_NAME)";
				TEST_HOST = "$(BUILT_PRODUCTS_DIR)/testgreenhouse.app/testgreenhouse";
			};
			name = Debug;
		};
		9536794D1BC3D797001121C1 /* Release */ = {
			isa = XCBuildConfiguration;
			buildSettings = {
				BUNDLE_LOADER = "$(TEST_HOST)";
				FRAMEWORK_SEARCH_PATHS = (
					"$(SDKROOT)/Developer/Library/Frameworks",
					"$(inherited)",
				);
				INFOPLIST_FILE = testgreenhouseTests/Info.plist;
				LD_RUNPATH_SEARCH_PATHS = "$(inherited) @executable_path/Frameworks @loader_path/Frameworks";
				PRODUCT_NAME = "$(TARGET_NAME)";
				TEST_HOST = "$(BUILT_PRODUCTS_DIR)/testgreenhouse.app/testgreenhouse";
			};
			name = Release;
		};
/* End XCBuildConfiguration section */

/* Begin XCConfigurationList section */
		953679201BC3D796001121C1 /* Build configuration list for PBXProject "testgreenhouse" */ = {
			isa = XCConfigurationList;
			buildConfigurations = (
				953679461BC3D797001121C1 /* Debug */,
				953679471BC3D797001121C1 /* Release */,
			);
			defaultConfigurationIsVisible = 0;
			defaultConfigurationName = Release;
		};
		953679481BC3D797001121C1 /* Build configuration list for PBXNativeTarget "testgreenhouse" */ = {
			isa = XCConfigurationList;
			buildConfigurations = (
				953679491BC3D797001121C1 /* Debug */,
				9536794A1BC3D797001121C1 /* Release */,
			);
			defaultConfigurationIsVisible = 0;
		};
		9536794B1BC3D797001121C1 /* Build configuration list for PBXNativeTarget "testgreenhouseTests" */ = {
			isa = XCConfigurationList;
			buildConfigurations = (
				9536794C1BC3D797001121C1 /* Debug */,
				9536794D1BC3D797001121C1 /* Release */,
			);
			defaultConfigurationIsVisible = 0;
		};
/* End XCConfigurationList section */
	};
	rootObject = 9536791D1BC3D796001121C1 /* Project object */;
}
